
Microsoft Visual Studio Solution File, Format Version 12.00
# Visual Studio Version 17
VisualStudioVersion = 17.0.31919.166
MinimumVisualStudioVersion = 10.0.40219.1
Project("{FAE04EC0-301F-11D3-BF4B-00C04F79EFBC}") = "SignalR chat", "SignalR chat\SignalR chat.csproj", "{C85C388A-7920-49A5-A023-1990FD57DF45}"
EndProject
Global
	GlobalSection(SolutionConfigurationPlatforms) = preSolution
		Debug|Any CPU = Debug|Any CPU
		Release|Any CPU = Release|Any CPU
	EndGlobalSection
	GlobalSection(ProjectConfigurationPlatforms) = postSolution
		{C85C388A-7920-49A5-A023-1990FD57DF45}.Debug|Any CPU.ActiveCfg = Debug|Any CPU
		{C85C388A-7920-49A5-A023-1990FD57DF45}.Debug|Any CPU.Build.0 = Debug|Any CPU
		{C85C388A-7920-49A5-A023-1990FD57DF45}.Release|Any CPU.ActiveCfg = Release|Any CPU
		{C85C388A-7920-49A5-A023-1990FD57DF45}.Release|Any CPU.Build.0 = Release|Any CPU
	EndGlobalSection
	GlobalSection(SolutionProperties) = preSolution
		HideSolutionNode = FALSE
	EndGlobalSection
	GlobalSection(ExtensibilityGlobals) = postSolution
		SolutionGuid = {790D20AE-3B70-450F-9CCD-AA3642AD0653}
	EndGlobalSection
EndGlobal
